
Microsoft Visual Studio Solution File, Format Version 12.00
# Visual Studio 15
VisualStudioVersion = 15.0.27130.2010
MinimumVisualStudioVersion = 10.0.40219.1
Project("{FAE04EC0-301F-11D3-BF4B-00C04F79EFBC}") = "NSCCApplicationFormDataLayer", "NSCCApplicationFormDataLayer\NSCCApplicationFormDataLayer.csproj", "{234698F0-639F-413B-BEDC-A7E08A3CC60B}"
EndProject
Project("{FAE04EC0-301F-11D3-BF4B-00C04F79EFBC}") = "NSCCApplicationFormDbConsole", "NSCCApplicationFormDbConsole\NSCCApplicationFormDbConsole.csproj", "{38A7DBB0-5F92-4203-B898-6C0F27480257}"
EndProject
Project("{FAE04EC0-301F-11D3-BF4B-00C04F79EFBC}") = "NSCCApplicationFormDbService", "NSCCApplicationFormDbService\NSCCApplicationFormDbService.csproj", "{63EE08FC-7E65-431C-AFB6-3C46716BDEA1}"
EndProject
Global
	GlobalSection(SolutionConfigurationPlatforms) = preSolution
		Debug|Any CPU = Debug|Any CPU
		Release|Any CPU = Release|Any CPU
	EndGlobalSection
	GlobalSection(ProjectConfigurationPlatforms) = postSolution
		{234698F0-639F-413B-BEDC-A7E08A3CC60B}.Debug|Any CPU.ActiveCfg = Debug|Any CPU
		{234698F0-639F-413B-BEDC-A7E08A3CC60B}.Debug|Any CPU.Build.0 = Debug|Any CPU
		{234698F0-639F-413B-BEDC-A7E08A3CC60B}.Release|Any CPU.ActiveCfg = Release|Any CPU
		{234698F0-639F-413B-BEDC-A7E08A3CC60B}.Release|Any CPU.Build.0 = Release|Any CPU
		{38A7DBB0-5F92-4203-B898-6C0F27480257}.Debug|Any CPU.ActiveCfg = Debug|Any CPU
		{38A7DBB0-5F92-4203-B898-6C0F27480257}.Debug|Any CPU.Build.0 = Debug|Any CPU
		{38A7DBB0-5F92-4203-B898-6C0F27480257}.Release|Any CPU.ActiveCfg = Release|Any CPU
		{38A7DBB0-5F92-4203-B898-6C0F27480257}.Release|Any CPU.Build.0 = Release|Any CPU
		{63EE08FC-7E65-431C-AFB6-3C46716BDEA1}.Debug|Any CPU.ActiveCfg = Debug|Any CPU
		{63EE08FC-7E65-431C-AFB6-3C46716BDEA1}.Debug|Any CPU.Build.0 = Debug|Any CPU
		{63EE08FC-7E65-431C-AFB6-3C46716BDEA1}.Release|Any CPU.ActiveCfg = Release|Any CPU
		{63EE08FC-7E65-431C-AFB6-3C46716BDEA1}.Release|Any CPU.Build.0 = Release|Any CPU
	EndGlobalSection
	GlobalSection(SolutionProperties) = preSolution
		HideSolutionNode = FALSE
	EndGlobalSection
	GlobalSection(ExtensibilityGlobals) = postSolution
		SolutionGuid = {9A1AF067-B1DD-41BB-A0EE-75ABC627AC6B}
	EndGlobalSection
EndGlobal
